
Microsoft Visual Studio Solution File, Format Version 12.00
# Visual Studio Version 17
VisualStudioVersion = 17.6.33829.357
MinimumVisualStudioVersion = 10.0.40219.1
Project("{FAE04EC0-301F-11D3-BF4B-00C04F79EFBC}") = "satrancV0", "satrancV0.csproj", "{E875CAD9-AB16-4772-B25C-753A001862BE}"
EndProject
Global
	GlobalSection(SolutionConfigurationPlatforms) = preSolution
		Debug|Any CPU = Debug|Any CPU
		Release|Any CPU = Release|Any CPU
	EndGlobalSection
	GlobalSection(ProjectConfigurationPlatforms) = postSolution
		{E875CAD9-AB16-4772-B25C-753A001862BE}.Debug|Any CPU.ActiveCfg = Debug|Any CPU
		{E875CAD9-AB16-4772-B25C-753A001862BE}.Debug|Any CPU.Build.0 = Debug|Any CPU
		{E875CAD9-AB16-4772-B25C-753A001862BE}.Release|Any CPU.ActiveCfg = Release|Any CPU
		{E875CAD9-AB16-4772-B25C-753A001862BE}.Release|Any CPU.Build.0 = Release|Any CPU
	EndGlobalSection
	GlobalSection(SolutionProperties) = preSolution
		HideSolutionNode = FALSE
	EndGlobalSection
	GlobalSection(ExtensibilityGlobals) = postSolution
		SolutionGuid = {AB83B42A-69AC-41BF-B7E3-83DEED2B308A}
	EndGlobalSection
EndGlobal
